
Microsoft Visual Studio Solution File, Format Version 12.00
# Visual Studio Version 16
VisualStudioVersion = 16.0.29613.14
MinimumVisualStudioVersion = 10.0.40219.1
Project("{FAE04EC0-301F-11D3-BF4B-00C04F79EFBC}") = "sziLMS", "sziLMS\sziLMS.csproj", "{88F91ADD-A64E-4D53-B556-A9B4625B2BDC}"
EndProject
Project("{FAE04EC0-301F-11D3-BF4B-00C04F79EFBC}") = "Contracts", "Contracts\Contracts.csproj", "{AF1BCDD2-3741-4F31-9DA7-2B91B15DBA98}"
EndProject
Project("{FAE04EC0-301F-11D3-BF4B-00C04F79EFBC}") = "Entities", "Entities\Entities.csproj", "{84845677-9F1E-47E2-8947-B5E75D6C237D}"
EndProject
Project("{FAE04EC0-301F-11D3-BF4B-00C04F79EFBC}") = "LoggerService", "LoggerService\LoggerService.csproj", "{F20E0D5B-4FBD-4700-A4BC-55A5D2BB3EA4}"
EndProject
Project("{FAE04EC0-301F-11D3-BF4B-00C04F79EFBC}") = "Repository", "Repository\Repository.csproj", "{0DF357EA-4AFC-4912-B615-07570EE15F54}"
EndProject
Global
	GlobalSection(SolutionConfigurationPlatforms) = preSolution
		Debug|Any CPU = Debug|Any CPU
		Release|Any CPU = Release|Any CPU
	EndGlobalSection
	GlobalSection(ProjectConfigurationPlatforms) = postSolution
		{88F91ADD-A64E-4D53-B556-A9B4625B2BDC}.Debug|Any CPU.ActiveCfg = Debug|Any CPU
		{88F91ADD-A64E-4D53-B556-A9B4625B2BDC}.Debug|Any CPU.Build.0 = Debug|Any CPU
		{88F91ADD-A64E-4D53-B556-A9B4625B2BDC}.Release|Any CPU.ActiveCfg = Release|Any CPU
		{88F91ADD-A64E-4D53-B556-A9B4625B2BDC}.Release|Any CPU.Build.0 = Release|Any CPU
		{AF1BCDD2-3741-4F31-9DA7-2B91B15DBA98}.Debug|Any CPU.ActiveCfg = Debug|Any CPU
		{AF1BCDD2-3741-4F31-9DA7-2B91B15DBA98}.Debug|Any CPU.Build.0 = Debug|Any CPU
		{AF1BCDD2-3741-4F31-9DA7-2B91B15DBA98}.Release|Any CPU.ActiveCfg = Release|Any CPU
		{AF1BCDD2-3741-4F31-9DA7-2B91B15DBA98}.Release|Any CPU.Build.0 = Release|Any CPU
		{84845677-9F1E-47E2-8947-B5E75D6C237D}.Debug|Any CPU.ActiveCfg = Debug|Any CPU
		{84845677-9F1E-47E2-8947-B5E75D6C237D}.Debug|Any CPU.Build.0 = Debug|Any CPU
		{84845677-9F1E-47E2-8947-B5E75D6C237D}.Release|Any CPU.ActiveCfg = Release|Any CPU
		{84845677-9F1E-47E2-8947-B5E75D6C237D}.Release|Any CPU.Build.0 = Release|Any CPU
		{F20E0D5B-4FBD-4700-A4BC-55A5D2BB3EA4}.Debug|Any CPU.ActiveCfg = Debug|Any CPU
		{F20E0D5B-4FBD-4700-A4BC-55A5D2BB3EA4}.Debug|Any CPU.Build.0 = Debug|Any CPU
		{F20E0D5B-4FBD-4700-A4BC-55A5D2BB3EA4}.Release|Any CPU.ActiveCfg = Release|Any CPU
		{F20E0D5B-4FBD-4700-A4BC-55A5D2BB3EA4}.Release|Any CPU.Build.0 = Release|Any CPU
		{0DF357EA-4AFC-4912-B615-07570EE15F54}.Debug|Any CPU.ActiveCfg = Debug|Any CPU
		{0DF357EA-4AFC-4912-B615-07570EE15F54}.Debug|Any CPU.Build.0 = Debug|Any CPU
		{0DF357EA-4AFC-4912-B615-07570EE15F54}.Release|Any CPU.ActiveCfg = Release|Any CPU
		{0DF357EA-4AFC-4912-B615-07570EE15F54}.Release|Any CPU.Build.0 = Release|Any CPU
	EndGlobalSection
	GlobalSection(SolutionProperties) = preSolution
		HideSolutionNode = FALSE
	EndGlobalSection
	GlobalSection(ExtensibilityGlobals) = postSolution
		SolutionGuid = {4FCED00A-6640-4C2B-B753-A5BD28A522BA}
	EndGlobalSection
EndGlobal
